<?xml version="1.0" encoding="utf-8"?>
<Project ToolsVersion="4.0" xmlns="http://schemas.microsoft.com/developer/msbuild/2003">
  <ItemGroup>
    <Filter Include="Source Files">
      <UniqueIdentifier>{4FC737F1-C7A5-4376-A066-2A32D752A2FF}</UniqueIdentifier>
      <Extensions>cpp;c;cc;cxx;def;odl;idl;hpj;bat;asm;asmx</Extensions>
    </Filter>
    <Filter Include="Header Files">
      <UniqueIdentifier>{93995380-89BD-4b04-88EB-625FBE52EBFB}</UniqueIdentifier>
      <Extensions>h;hh;hpp;hxx;hm;inl;inc;xsd</Extensions>
    </Filter>
    <Filter Include="Resource Files">
      <UniqueIdentifier>{67DA6AB6-F800-4c08-8B7A-83BB121AAD01}</UniqueIdentifier>
      <Extensions>rc;ico;cur;bmp;dlg;rc2;rct;bin;rgs;gif;jpg;jpeg;jpe;resx;tiff;tif;png;wav;mfcribbon-ms</Extensions>
    </Filter>
    <Filter Include="Source Files\cg">
      <UniqueIdentifier>{a4a0a574-cae8-47c9-93e8-31e71e3162f4}</UniqueIdentifier>
    </Filter>
    <Filter Include="Source Files\fun">
      <UniqueIdentifier>{7501257c-9cc8-4bb4-b0f8-1bf61215c6d5}</UniqueIdentifier>
    </Filter>
    <Filter Include="Source Files\trivia">
      <UniqueIdentifier>{b205c2bd-24c3-4e25-9673-f7fa8837231e}</UniqueIdentifier>
    </Filter>
    <Filter Include="Source Files\algo">
      <UniqueIdentifier>{4d64be32-f8ce-4679-9306-7382690eb0c2}</UniqueIdentifier>
    </Filter>
  </ItemGroup>
  <ItemGroup>
    <ClCompile Include="IntMul.cpp">
      <Filter>Source Files\algo</Filter>
    </ClCompile>
    <ClCompile Include="Test.cpp">
      <Filter>Source Files</Filter>
    </ClCompile>
    <ClCompile Include="Matrix.cpp">
      <Filter>Source Files\algo</Filter>
    </ClCompile>
    <ClCompile Include="fun\AllPrimes.cpp">
      <Filter>Source Files\fun</Filter>
    </ClCompile>
    <ClCompile Include="trivia\Anagram.cpp">
      <Filter>Source Files\trivia</Filter>
    </ClCompile>
    <ClCompile Include="trivia\Shift.cpp">
      <Filter>Source Files\trivia</Filter>
    </ClCompile>
  </ItemGroup>
  <ItemGroup>
    <ClInclude Include="Typedefs.h">
      <Filter>Header Files</Filter>
    </ClInclude>
  </ItemGroup>
</Project>