<?xml version="1.0" encoding="utf-8"?>
<Project ToolsVersion="4.0" xmlns="http://schemas.microsoft.com/developer/msbuild/2003">
  <ItemGroup>
    <Filter Include="Resource Files">
      <UniqueIdentifier>{67DA6AB6-F800-4c08-8B7A-83BB121AAD01}</UniqueIdentifier>
      <Extensions>rc;ico;cur;bmp;dlg;rc2;rct;bin;rgs;gif;jpg;jpeg;jpe;resx;tiff;tif;png;wav;mfcribbon-ms</Extensions>
    </Filter>
    <Filter Include="test">
      <UniqueIdentifier>{4FC737F1-C7A5-4376-A066-2A32D752A2FF}</UniqueIdentifier>
      <Extensions>cpp;c;cc;cxx;def;odl;idl;hpj;bat;asm;asmx</Extensions>
    </Filter>
    <Filter Include="scire">
      <UniqueIdentifier>{93995380-89BD-4b04-88EB-625FBE52EBFB}</UniqueIdentifier>
      <Extensions>h;hh;hpp;hxx;hm;inl;inc;xsd</Extensions>
    </Filter>
    <Filter Include="scire\string">
      <UniqueIdentifier>{1247ebd2-5105-46fb-a2d3-628b3b0ff71d}</UniqueIdentifier>
    </Filter>
    <Filter Include="test\string">
      <UniqueIdentifier>{2cff1e72-95c9-4564-b511-325874bae3ea}</UniqueIdentifier>
    </Filter>
    <Filter Include="scire\struct">
      <UniqueIdentifier>{434ff6d5-d4cc-42cc-a6f0-89f98a10924c}</UniqueIdentifier>
    </Filter>
    <Filter Include="scire\hash">
      <UniqueIdentifier>{e997ab4b-060b-4c52-b0c9-d0a9e2585d56}</UniqueIdentifier>
    </Filter>
    <Filter Include="test\hash">
      <UniqueIdentifier>{3a28d0d3-2fc9-402a-98a6-029cb98883fb}</UniqueIdentifier>
    </Filter>
    <Filter Include="test\struct">
      <UniqueIdentifier>{83e96296-20be-4e67-a04d-a7f7ae8c4d67}</UniqueIdentifier>
    </Filter>
    <Filter Include="scire\graph">
      <UniqueIdentifier>{153f1b1f-6296-42fe-bb02-9df811f546ec}</UniqueIdentifier>
    </Filter>
    <Filter Include="scire\search">
      <UniqueIdentifier>{20ed4379-9209-47e4-9aeb-70a9bbeb8eea}</UniqueIdentifier>
    </Filter>
    <Filter Include="test\search">
      <UniqueIdentifier>{371a35b5-835d-40bf-bed9-69663d667c8c}</UniqueIdentifier>
    </Filter>
    <Filter Include="ojL33tC0d3">
      <UniqueIdentifier>{1f903c15-d6b1-4800-84ce-33623e821863}</UniqueIdentifier>
    </Filter>
    <Filter Include="OtherFun">
      <UniqueIdentifier>{60156347-7b24-4ced-b630-602c523f6120}</UniqueIdentifier>
    </Filter>
    <Filter Include="scire\sort">
      <UniqueIdentifier>{7660c6cf-a770-40f4-915b-f0bb11854ece}</UniqueIdentifier>
    </Filter>
  </ItemGroup>
  <ItemGroup>
    <ClInclude Include="..\scire\string\cstr_util.hpp">
      <Filter>scire\string</Filter>
    </ClInclude>
    <ClInclude Include="..\scire\struct\container.hpp">
      <Filter>scire\struct</Filter>
    </ClInclude>
    <ClInclude Include="..\scire\struct\linkedlist.hpp">
      <Filter>scire\struct</Filter>
    </ClInclude>
    <ClInclude Include="..\scire\struct\queue.hpp">
      <Filter>scire\struct</Filter>
    </ClInclude>
    <ClInclude Include="..\scire\struct\stack.hpp">
      <Filter>scire\struct</Filter>
    </ClInclude>
    <ClInclude Include="..\scire\hash\md5.hpp">
      <Filter>scire\hash</Filter>
    </ClInclude>
    <ClInclude Include="..\scire\~template.hpp">
      <Filter>scire</Filter>
    </ClInclude>
    <ClInclude Include="..\scire\hash\hash_comn.hpp">
      <Filter>scire\hash</Filter>
    </ClInclude>
    <ClInclude Include="..\scire\string\knuth_morris_pratt.hpp">
      <Filter>scire\string</Filter>
    </ClInclude>
    <ClInclude Include="..\scire\string\string_match.hpp">
      <Filter>scire\string</Filter>
    </ClInclude>
    <ClInclude Include="..\scire\graph\gale_shapley.hpp">
      <Filter>scire\graph</Filter>
    </ClInclude>
    <ClInclude Include="..\scire\graph\stable_matching.hpp">
      <Filter>scire\graph</Filter>
    </ClInclude>
    <ClInclude Include="..\scire\struct\tree.hpp">
      <Filter>scire\struct</Filter>
    </ClInclude>
    <ClInclude Include="..\scire\search\union_find.hpp">
      <Filter>scire\search</Filter>
    </ClInclude>
    <ClInclude Include="..\playg\L33tC0d3\binary-tree-postorder-traversal.hpp">
      <Filter>ojL33tC0d3</Filter>
    </ClInclude>
    <ClInclude Include="..\playg\L33tC0d3\binary-tree-preorder-traversal.hpp">
      <Filter>ojL33tC0d3</Filter>
    </ClInclude>
    <ClInclude Include="..\playg\L33tC0d3\evaluate-reverse-polish-notation.hpp">
      <Filter>ojL33tC0d3</Filter>
    </ClInclude>
    <ClInclude Include="..\playg\L33tC0d3\palindrome-partitioning-ii.hpp">
      <Filter>ojL33tC0d3</Filter>
    </ClInclude>
    <ClInclude Include="..\playg\L33tC0d3\two-sum.hpp">
      <Filter>ojL33tC0d3</Filter>
    </ClInclude>
    <ClInclude Include="..\playg\L33tC0d3\3sum-closest.hpp">
      <Filter>ojL33tC0d3</Filter>
    </ClInclude>
    <ClInclude Include="..\playg\L33tC0d3\3sum.hpp">
      <Filter>ojL33tC0d3</Filter>
    </ClInclude>
    <ClInclude Include="..\playg\L33tC0d3\search-a-2d-matrix.hpp">
      <Filter>ojL33tC0d3</Filter>
    </ClInclude>
    <ClInclude Include="..\playg\L33tC0d3\validate-binary-search-tree.hpp">
      <Filter>ojL33tC0d3</Filter>
    </ClInclude>
    <ClInclude Include="..\playg\L33tC0d3\sorted-array-to-bst.hpp">
      <Filter>ojL33tC0d3</Filter>
    </ClInclude>
    <ClInclude Include="..\playg\L33tC0d3\rotate-linked-list.hpp">
      <Filter>ojL33tC0d3</Filter>
    </ClInclude>
    <ClInclude Include="..\playg\L33tC0d3\path-sum.hpp">
      <Filter>ojL33tC0d3</Filter>
    </ClInclude>
    <ClInclude Include="..\playg\L33tC0d3\partition-list.hpp">
      <Filter>ojL33tC0d3</Filter>
    </ClInclude>
    <ClInclude Include="..\playg\L33tC0d3\remove-duplicates-from-sorted-array-ii.hpp">
      <Filter>ojL33tC0d3</Filter>
    </ClInclude>
    <ClInclude Include="..\playg\L33tC0d3\remove-duplicates-from-sorted-array.hpp">
      <Filter>ojL33tC0d3</Filter>
    </ClInclude>
    <ClInclude Include="..\playg\fun\IsNumberSumOfSeriese.hpp">
      <Filter>OtherFun</Filter>
    </ClInclude>
    <ClInclude Include="..\playg\L33tC0d3\Anagrams.hpp">
      <Filter>ojL33tC0d3</Filter>
    </ClInclude>
    <ClInclude Include="..\playg\L33tC0d3\best-time-to-buy-and-sell-stock.hpp">
      <Filter>ojL33tC0d3</Filter>
    </ClInclude>
    <ClInclude Include="..\playg\L33tC0d3\LRUCache.hpp">
      <Filter>ojL33tC0d3</Filter>
    </ClInclude>
    <ClInclude Include="..\playg\L33tC0d3\trapping-rain-water.hpp">
      <Filter>ojL33tC0d3</Filter>
    </ClInclude>
    <ClInclude Include="..\playg\L33tC0d3\reverse-words-in-a-string.hpp">
      <Filter>ojL33tC0d3</Filter>
    </ClInclude>
    <ClInclude Include="..\playg\L33tC0d3\binary-tree-level-order-traversal.hpp">
      <Filter>ojL33tC0d3</Filter>
    </ClInclude>
    <ClInclude Include="..\playg\L33tC0d3\longest-common-prefix.hpp">
      <Filter>ojL33tC0d3</Filter>
    </ClInclude>
    <ClInclude Include="..\playg\L33tC0d3\same-tree.hpp">
      <Filter>ojL33tC0d3</Filter>
    </ClInclude>
    <ClInclude Include="..\scire\sort\counting_sort.hpp">
      <Filter>scire\sort</Filter>
    </ClInclude>
    <ClInclude Include="..\playg\L33tC0d3\remove-duplicates-from-sorted-list.hpp">
      <Filter>ojL33tC0d3</Filter>
    </ClInclude>
    <ClInclude Include="..\playg\L33tC0d3\plus-one.hpp">
      <Filter>ojL33tC0d3</Filter>
    </ClInclude>
    <ClInclude Include="..\playg\L33tC0d3\first-missing-positive.hpp">
      <Filter>ojL33tC0d3</Filter>
    </ClInclude>
    <ClInclude Include="..\playg\L33tC0d3\word-break.hpp">
      <Filter>ojL33tC0d3</Filter>
    </ClInclude>
    <ClInclude Include="..\playg\L33tC0d3\climbing-stairs.hpp">
      <Filter>ojL33tC0d3</Filter>
    </ClInclude>
    <ClInclude Include="..\playg\L33tC0d3\valid-parentheses.hpp">
      <Filter>ojL33tC0d3</Filter>
    </ClInclude>
  </ItemGroup>
  <ItemGroup>
    <ClCompile Include="..\test\string\cstr_util.cpp">
      <Filter>test\string</Filter>
    </ClCompile>
    <ClCompile Include="..\test\hash\md5.cpp">
      <Filter>test\hash</Filter>
    </ClCompile>
    <ClCompile Include="..\test\struct\linkedlist.cpp">
      <Filter>test\struct</Filter>
    </ClCompile>
    <ClCompile Include="..\test\struct\queue.cpp">
      <Filter>test\struct</Filter>
    </ClCompile>
    <ClCompile Include="..\test\struct\stack.cpp">
      <Filter>test\struct</Filter>
    </ClCompile>
    <ClCompile Include="..\test\search\union_find.cpp">
      <Filter>test\search</Filter>
    </ClCompile>
    <ClCompile Include="Source.cpp">
      <Filter>test</Filter>
    </ClCompile>
    <ClCompile Include="GreedyKnapsack.OLD.cpp">
      <Filter>OtherFun</Filter>
    </ClCompile>
    <ClCompile Include="..\playg\L33tC0d3\Algoctice.cpp">
      <Filter>test</Filter>
    </ClCompile>
  </ItemGroup>
  <ItemGroup>
    <None Include="..\README.md" />
    <None Include="..\StyleGuide.md" />
    <None Include="..\Doxyfile" />
  </ItemGroup>
</Project>